<?xml version="1.0" encoding="utf-8"?>
<Project ToolsVersion="4.0" xmlns="http://schemas.microsoft.com/developer/msbuild/2003">
  <ItemGroup>
    <Filter Include="Source Files">
      <UniqueIdentifier>{738b1a6a-da31-4289-9fd3-e525f6d997bf}</UniqueIdentifier>
      <Extensions>cpp;c;cxx;def;odl;idl;hpj;bat;asm</Extensions>
    </Filter>
    <Filter Include="Header Files">
      <UniqueIdentifier>{1ca03c34-1065-45a3-8f1a-4a43d11b6fe0}</UniqueIdentifier>
      <Extensions>h;hpp;hxx;hm;inl;inc</Extensions>
    </Filter>
    <Filter Include="Resource Files">
      <UniqueIdentifier>{43585c62-069d-4e87-86fe-6e161e2230f6}</UniqueIdentifier>
      <Extensions>rc;ico;cur;bmp;dlg;rc2;rct;bin;rgs;gif;jpg;jpeg;jpe</Extensions>
    </Filter>
    <Filter Include="Source Files\glad">
      <UniqueIdentifier>{22eb82a2-ae1b-4ca6-96e4-6899e3382f5f}</UniqueIdentifier>
    </Filter>
    <Filter Include="Header Files\glad">
      <UniqueIdentifier>{bc7f2f15-f96c-4ca7-b551-ecb93bf49b66}</UniqueIdentifier>
    </Filter>
    <Filter Include="Header Files\glad\glad">
      <UniqueIdentifier>{79446c46-fa7d-4c3f-9417-7102d52557f2}</UniqueIdentifier>
    </Filter>
    <Filter Include="Header Files\glad\KHR">
      <UniqueIdentifier>{96477dbb-076a-4863-9c2c-f3acd769fb83}</UniqueIdentifier>
    </Filter>
    <Filter Include="Header Files\glfw">
      <UniqueIdentifier>{3734e4b9-f716-4c67-adaf-56a6d170de2b}</UniqueIdentifier>
    </Filter>
    <Filter Include="Header Files\glfw\GLFW">
      <UniqueIdentifier>{d84d531a-12a1-4369-ad27-7efe5b810c2b}</UniqueIdentifier>
    </Filter>
    <Filter Include="Header Files\handmademath">
      <UniqueIdentifier>{c830c3ee-e754-4eef-ae0a-196d07f9eaea}</UniqueIdentifier>
    </Filter>
    <Filter Include="Header Files\stb_image">
      <UniqueIdentifier>{ceecb8cb-7d36-4a31-991f-0fbb2aa92bfa}</UniqueIdentifier>
    </Filter>
    <Filter Include="Header Files\sokol_gfx">
      <UniqueIdentifier>{de8d7cbf-a5b2-4e3b-8312-06f2a3033c05}</UniqueIdentifier>
    </Filter>
    <Filter Include="Header Files\mini_al">
      <UniqueIdentifier>{519e74a3-e131-4388-a33a-3ad111b670d0}</UniqueIdentifier>
    </Filter>
    <Filter Include="Header Files\tiny_sound_font">
      <UniqueIdentifier>{13cb2274-cf21-46ff-9312-ab85d69aee61}</UniqueIdentifier>
    </Filter>
  </ItemGroup>
  <ItemGroup>
    <ClCompile Include="Script.cpp">
      <Filter>Source Files</Filter>
    </ClCompile>
    <ClCompile Include="glad\src\glad_wgl.c">
      <Filter>Source Files\glad</Filter>
    </ClCompile>
    <ClCompile Include="glad\src\glad.c">
      <Filter>Source Files\glad</Filter>
    </ClCompile>
    <ClCompile Include="SoundBuffer.c">
      <Filter>Source Files</Filter>
    </ClCompile>
    <ClCompile Include="Sound.c">
      <Filter>Source Files</Filter>
    </ClCompile>
    <ClCompile Include="Music.c">
      <Filter>Source Files</Filter>
    </ClCompile>
    <ClCompile Include="Main.c">
      <Filter>Source Files</Filter>
    </ClCompile>
    <ClCompile Include="Utilities.c">
      <Filter>Source Files</Filter>
    </ClCompile>
    <ClCompile Include="Basic3D.c">
      <Filter>Source Files</Filter>
    </ClCompile>
    <ClCompile Include="Jumpman.c">
      <Filter>Source Files</Filter>
    </ClCompile>
  </ItemGroup>
  <ItemGroup>
    <ClInclude Include="Jumpman.h">
      <Filter>Header Files</Filter>
    </ClInclude>
    <ClInclude Include="Resource.h">
      <Filter>Header Files</Filter>
    </ClInclude>
    <ClInclude Include="glad\include\glad\glad.h">
      <Filter>Header Files\glad\glad</Filter>
    </ClInclude>
    <ClInclude Include="glad\include\glad\glad_wgl.h">
      <Filter>Header Files\glad\glad</Filter>
    </ClInclude>
    <ClInclude Include="glad\include\KHR\khrplatform.h">
      <Filter>Header Files\glad\KHR</Filter>
    </ClInclude>
    <ClInclude Include="glfw-3.2.1.bin.WIN32\include\GLFW\glfw3native.h">
      <Filter>Header Files\glfw\GLFW</Filter>
    </ClInclude>
    <ClInclude Include="glfw-3.2.1.bin.WIN32\include\GLFW\glfw3.h">
      <Filter>Header Files\glfw\GLFW</Filter>
    </ClInclude>
    <ClInclude Include="handmademath-1.7.0\HandmadeMath.h">
      <Filter>Header Files\handmademath</Filter>
    </ClInclude>
    <ClInclude Include="stb-image-2.19.0\stb_image.h">
      <Filter>Header Files\stb_image</Filter>
    </ClInclude>
    <ClInclude Include="sokol-gfx-master-f1efc6d\sokol_gfx.h">
      <Filter>Header Files\sokol_gfx</Filter>
    </ClInclude>
    <ClInclude Include="mini_al-0.8.9\mini_al.h">
      <Filter>Header Files\mini_al</Filter>
    </ClInclude>
    <ClInclude Include="SoundBuffer.h">
      <Filter>Header Files</Filter>
    </ClInclude>
    <ClInclude Include="tiny_sound_font-master-7e646b6\tml.h">
      <Filter>Header Files\tiny_sound_font</Filter>
    </ClInclude>
    <ClInclude Include="tiny_sound_font-master-7e646b6\tsf.h">
      <Filter>Header Files\tiny_sound_font</Filter>
    </ClInclude>
    <ClInclude Include="Sound.h">
      <Filter>Header Files</Filter>
    </ClInclude>
    <ClInclude Include="Music.h">
      <Filter>Header Files</Filter>
    </ClInclude>
    <ClInclude Include="Utilities.h">
      <Filter>Header Files</Filter>
    </ClInclude>
    <ClInclude Include="Main.h">
      <Filter>Header Files</Filter>
    </ClInclude>
    <ClInclude Include="Basic3d.h">
      <Filter>Header Files</Filter>
    </ClInclude>
  </ItemGroup>
  <ItemGroup>
    <Image Include="Jumpman.ico">
      <Filter>Resource Files</Filter>
    </Image>
    <Image Include="small.ico">
      <Filter>Resource Files</Filter>
    </Image>
  </ItemGroup>
  <ItemGroup>
    <ResourceCompile Include="Jumpman.rc">
      <Filter>Resource Files</Filter>
    </ResourceCompile>
  </ItemGroup>
  <ItemGroup>
    <Text Include="ReadMe.txt">
      <Filter>Resource Files</Filter>
    </Text>
  </ItemGroup>
</Project>