Microsoft Visual Studio Solution File, Format Version 7.00
Project("{8BC9CEB8-8B4A-11D0-8D11-00A0C91BC942}") = "Jumpman", "Jumpman.vcproj", "{6B934F67-0959-4EE9-B2DF-16F7F0470840}"
EndProject
Global
	GlobalSection(SolutionConfiguration) = preSolution
		ConfigName.0 = Debug
		ConfigName.1 = Release
	EndGlobalSection
	GlobalSection(ProjectDependencies) = postSolution
	EndGlobalSection
	GlobalSection(ProjectConfiguration) = postSolution
		{6B934F67-0959-4EE9-B2DF-16F7F0470840}.Debug.ActiveCfg = Debug|Win32
		{6B934F67-0959-4EE9-B2DF-16F7F0470840}.Debug.Build.0 = Debug|Win32
		{6B934F67-0959-4EE9-B2DF-16F7F0470840}.Release.ActiveCfg = Release|Win32
		{6B934F67-0959-4EE9-B2DF-16F7F0470840}.Release.Build.0 = Release|Win32
	EndGlobalSection
	GlobalSection(ExtensibilityGlobals) = postSolution
	EndGlobalSection
	GlobalSection(ExtensibilityAddIns) = postSolution
	EndGlobalSection
EndGlobal
