Microsoft Visual Studio Solution File, Format Version 12.00
# Visual Studio 2012
Project("{8BC9CEB8-8B4A-11D0-8D11-00A0C91BC942}") = "Jumpman_vs2015_xp", "Jumpman_vs2015_xp.vcxproj", "{6B934F67-0959-4EE9-B2DF-16F7F0470840}"
EndProject
Project("{8BC9CEB8-8B4A-11D0-8D11-00A0C91BC942}") = "lua-5.3.5-static_vs2015_xp", "..\lua-5.3.5-static\lua-5.3.5-static_vs2015_xp.vcxproj", "{28B5F807-54B6-411F-9FD9-4F7E22CABB3B}"
EndProject
Global
	GlobalSection(SolutionConfigurationPlatforms) = preSolution
		Debug|Win32 = Debug|Win32
		Release|Win32 = Release|Win32
	EndGlobalSection
	GlobalSection(ProjectConfigurationPlatforms) = postSolution
		{6B934F67-0959-4EE9-B2DF-16F7F0470840}.Debug|Win32.ActiveCfg = Debug|Win32
		{6B934F67-0959-4EE9-B2DF-16F7F0470840}.Debug|Win32.Build.0 = Debug|Win32
		{6B934F67-0959-4EE9-B2DF-16F7F0470840}.Release|Win32.ActiveCfg = Release|Win32
		{6B934F67-0959-4EE9-B2DF-16F7F0470840}.Release|Win32.Build.0 = Release|Win32
		{28B5F807-54B6-411F-9FD9-4F7E22CABB3B}.Debug|Win32.ActiveCfg = Debug|Win32
		{28B5F807-54B6-411F-9FD9-4F7E22CABB3B}.Debug|Win32.Build.0 = Debug|Win32
		{28B5F807-54B6-411F-9FD9-4F7E22CABB3B}.Release|Win32.ActiveCfg = Release|Win32
		{28B5F807-54B6-411F-9FD9-4F7E22CABB3B}.Release|Win32.Build.0 = Release|Win32
	EndGlobalSection
	GlobalSection(SolutionProperties) = preSolution
		HideSolutionNode = FALSE
	EndGlobalSection
EndGlobal
