Microsoft Visual Studio Solution File, Format Version 7.00
Project("{F184B08F-C81C-45F6-A57F-5ABD9991F28F}") = "JumpmanScripting", "JumpmanScripting.vbproj", "{A9ED15E7-2EC9-4D3B-A636-B0278A671631}"
EndProject
Global
	GlobalSection(SolutionConfiguration) = preSolution
		ConfigName.0 = Debug
		ConfigName.1 = Release
	EndGlobalSection
	GlobalSection(ProjectDependencies) = postSolution
	EndGlobalSection
	GlobalSection(ProjectConfiguration) = postSolution
		{A9ED15E7-2EC9-4D3B-A636-B0278A671631}.Debug.ActiveCfg = Debug|.NET
		{A9ED15E7-2EC9-4D3B-A636-B0278A671631}.Debug.Build.0 = Debug|.NET
		{A9ED15E7-2EC9-4D3B-A636-B0278A671631}.Release.ActiveCfg = Release|.NET
		{A9ED15E7-2EC9-4D3B-A636-B0278A671631}.Release.Build.0 = Release|.NET
	EndGlobalSection
	GlobalSection(ExtensibilityGlobals) = postSolution
	EndGlobalSection
	GlobalSection(ExtensibilityAddIns) = postSolution
	EndGlobalSection
EndGlobal
